
Microsoft Visual Studio Solution File, Format Version 12.00
# Visual Studio 14
VisualStudioVersion = 14.0.25420.1
MinimumVisualStudioVersion = 10.0.40219.1
Project("{FAE04EC0-301F-11D3-BF4B-00C04F79EFBC}") = "MSTest.PersonDetailsApp", "MSTest.PersonDetailsApp\MSTest.PersonDetailsApp.csproj", "{C8B32F59-F9B3-427E-933A-4BCF3B3DC15B}"
EndProject
Project("{FAE04EC0-301F-11D3-BF4B-00C04F79EFBC}") = "MSTest.PersonDetailsApp.Tests", "MSTest.PersonDetailsApp.Tests\MSTest.PersonDetailsApp.Tests.csproj", "{3DAB699D-F12A-4434-AF14-6D0907076401}"
EndProject
Project("{FAE04EC0-301F-11D3-BF4B-00C04F79EFBC}") = "MSTest.PersonDetailsApp.DAL", "MSTest.PersonDetailsApp.DAL\MSTest.PersonDetailsApp.DAL.csproj", "{076564EE-7312-4840-87C6-13BD357CE256}"
EndProject
Project("{FAE04EC0-301F-11D3-BF4B-00C04F79EFBC}") = "MSTest.PersonDetailsApp.Contract", "MSTest.PersonDetailsApp.Contract\MSTest.PersonDetailsApp.Contract.csproj", "{65EFF399-D5E4-4719-9926-449A332B1786}"
EndProject
Project("{FAE04EC0-301F-11D3-BF4B-00C04F79EFBC}") = "MSTest.PersonDetailsApp.Services", "MSTest.PersonDetailsApp.Services\MSTest.PersonDetailsApp.Services.csproj", "{0E27D19D-532C-4381-961C-7A1373D6CD1A}"
EndProject
Global
	GlobalSection(SolutionConfigurationPlatforms) = preSolution
		Debug|Any CPU = Debug|Any CPU
		Release|Any CPU = Release|Any CPU
	EndGlobalSection
	GlobalSection(ProjectConfigurationPlatforms) = postSolution
		{C8B32F59-F9B3-427E-933A-4BCF3B3DC15B}.Debug|Any CPU.ActiveCfg = Debug|Any CPU
		{C8B32F59-F9B3-427E-933A-4BCF3B3DC15B}.Debug|Any CPU.Build.0 = Debug|Any CPU
		{C8B32F59-F9B3-427E-933A-4BCF3B3DC15B}.Release|Any CPU.ActiveCfg = Release|Any CPU
		{C8B32F59-F9B3-427E-933A-4BCF3B3DC15B}.Release|Any CPU.Build.0 = Release|Any CPU
		{3DAB699D-F12A-4434-AF14-6D0907076401}.Debug|Any CPU.ActiveCfg = Debug|Any CPU
		{3DAB699D-F12A-4434-AF14-6D0907076401}.Debug|Any CPU.Build.0 = Debug|Any CPU
		{3DAB699D-F12A-4434-AF14-6D0907076401}.Release|Any CPU.ActiveCfg = Release|Any CPU
		{3DAB699D-F12A-4434-AF14-6D0907076401}.Release|Any CPU.Build.0 = Release|Any CPU
		{076564EE-7312-4840-87C6-13BD357CE256}.Debug|Any CPU.ActiveCfg = Debug|Any CPU
		{076564EE-7312-4840-87C6-13BD357CE256}.Debug|Any CPU.Build.0 = Debug|Any CPU
		{076564EE-7312-4840-87C6-13BD357CE256}.Release|Any CPU.ActiveCfg = Release|Any CPU
		{076564EE-7312-4840-87C6-13BD357CE256}.Release|Any CPU.Build.0 = Release|Any CPU
		{65EFF399-D5E4-4719-9926-449A332B1786}.Debug|Any CPU.ActiveCfg = Debug|Any CPU
		{65EFF399-D5E4-4719-9926-449A332B1786}.Debug|Any CPU.Build.0 = Debug|Any CPU
		{65EFF399-D5E4-4719-9926-449A332B1786}.Release|Any CPU.ActiveCfg = Release|Any CPU
		{65EFF399-D5E4-4719-9926-449A332B1786}.Release|Any CPU.Build.0 = Release|Any CPU
		{0E27D19D-532C-4381-961C-7A1373D6CD1A}.Debug|Any CPU.ActiveCfg = Debug|Any CPU
		{0E27D19D-532C-4381-961C-7A1373D6CD1A}.Debug|Any CPU.Build.0 = Debug|Any CPU
		{0E27D19D-532C-4381-961C-7A1373D6CD1A}.Release|Any CPU.ActiveCfg = Release|Any CPU
		{0E27D19D-532C-4381-961C-7A1373D6CD1A}.Release|Any CPU.Build.0 = Release|Any CPU
	EndGlobalSection
	GlobalSection(SolutionProperties) = preSolution
		HideSolutionNode = FALSE
	EndGlobalSection
EndGlobal
